
Microsoft Visual Studio Solution File, Format Version 12.00
# Visual Studio Version 17
VisualStudioVersion = 17.14.36518.9
MinimumVisualStudioVersion = 10.0.40219.1
Project("{FAE04EC0-301F-11D3-BF4B-00C04F79EFBC}") = "ERP.Domain", "ERP.Domain\ERP.Domain.csproj", "{2C380752-D317-4917-959A-1F5BE45DC10C}"
EndProject
Project("{FAE04EC0-301F-11D3-BF4B-00C04F79EFBC}") = "ERP.Application", "ERP.Application\ERP.Application.csproj", "{632D3410-6318-4343-BEA1-0E65D3D66627}"
EndProject
Project("{FAE04EC0-301F-11D3-BF4B-00C04F79EFBC}") = "ERP.Infrastructure", "ERP.Infrastructure\ERP.Infrastructure.csproj", "{522D447C-7C23-4DE8-911C-B8B18C5AED26}"
EndProject
Project("{FAE04EC0-301F-11D3-BF4B-00C04F79EFBC}") = "ERP.WebAPI", "ERP.WebAPI\ERP.WebAPI.csproj", "{B045F41D-8F0F-41AB-AF2B-BAD57DF9B1D5}"
EndProject
Global
	GlobalSection(SolutionConfigurationPlatforms) = preSolution
		Debug|Any CPU = Debug|Any CPU
		Release|Any CPU = Release|Any CPU
	EndGlobalSection
	GlobalSection(ProjectConfigurationPlatforms) = postSolution
		{2C380752-D317-4917-959A-1F5BE45DC10C}.Debug|Any CPU.ActiveCfg = Debug|Any CPU
		{2C380752-D317-4917-959A-1F5BE45DC10C}.Debug|Any CPU.Build.0 = Debug|Any CPU
		{2C380752-D317-4917-959A-1F5BE45DC10C}.Release|Any CPU.ActiveCfg = Release|Any CPU
		{2C380752-D317-4917-959A-1F5BE45DC10C}.Release|Any CPU.Build.0 = Release|Any CPU
		{632D3410-6318-4343-BEA1-0E65D3D66627}.Debug|Any CPU.ActiveCfg = Debug|Any CPU
		{632D3410-6318-4343-BEA1-0E65D3D66627}.Debug|Any CPU.Build.0 = Debug|Any CPU
		{632D3410-6318-4343-BEA1-0E65D3D66627}.Release|Any CPU.ActiveCfg = Release|Any CPU
		{632D3410-6318-4343-BEA1-0E65D3D66627}.Release|Any CPU.Build.0 = Release|Any CPU
		{522D447C-7C23-4DE8-911C-B8B18C5AED26}.Debug|Any CPU.ActiveCfg = Debug|Any CPU
		{522D447C-7C23-4DE8-911C-B8B18C5AED26}.Debug|Any CPU.Build.0 = Debug|Any CPU
		{522D447C-7C23-4DE8-911C-B8B18C5AED26}.Release|Any CPU.ActiveCfg = Release|Any CPU
		{522D447C-7C23-4DE8-911C-B8B18C5AED26}.Release|Any CPU.Build.0 = Release|Any CPU
		{B045F41D-8F0F-41AB-AF2B-BAD57DF9B1D5}.Debug|Any CPU.ActiveCfg = Debug|Any CPU
		{B045F41D-8F0F-41AB-AF2B-BAD57DF9B1D5}.Debug|Any CPU.Build.0 = Debug|Any CPU
		{B045F41D-8F0F-41AB-AF2B-BAD57DF9B1D5}.Release|Any CPU.ActiveCfg = Release|Any CPU
		{B045F41D-8F0F-41AB-AF2B-BAD57DF9B1D5}.Release|Any CPU.Build.0 = Release|Any CPU
	EndGlobalSection
	GlobalSection(SolutionProperties) = preSolution
		HideSolutionNode = FALSE
	EndGlobalSection
	GlobalSection(ExtensibilityGlobals) = postSolution
		SolutionGuid = {47EE18C3-A78E-4C70-8CD7-9C8BC2410740}
	EndGlobalSection
EndGlobal
